schema: '2.0'
stages:
  train:
    cmd: python nd0821-c3-starter-code/starter/starter/train_model.py --input_data
      nd0821-c3-starter-code/starter/data/cleaned_census.csv
    deps:
    - path: nd0821-c3-starter-code/starter/data/cleaned_census.csv
      md5: 171eff96d34336df1a3d2d82bdb82fe3
      size: 3811654
    - path: nd0821-c3-starter-code/starter/starter/train_model.py
      md5: 36563da489941ecf447d67ecb603b320
      size: 2137
    outs:
    - path: metrics.csv
      md5: c8aac040a20be96cc08fd8b5c579e11e
      size: 6074
    - path: model.pkl
      md5: 7911923eaf6335ae1cda10a178227e3d
      size: 65785417
